
Microsoft Visual Studio Solution File, Format Version 12.00
# Visual Studio Version 16
VisualStudioVersion = 16.0.29806.167
MinimumVisualStudioVersion = 10.0.40219.1
Project("{FAE04EC0-301F-11D3-BF4B-00C04F79EFBC}") = "Tester", "Tester.csproj", "{209D1086-95B0-42AE-8A9A-AD3E354E0E2B}"
EndProject
Global
	GlobalSection(SolutionConfigurationPlatforms) = preSolution
		Debug|Any CPU = Debug|Any CPU
		Release|Any CPU = Release|Any CPU
	EndGlobalSection
	GlobalSection(ProjectConfigurationPlatforms) = postSolution
		{209D1086-95B0-42AE-8A9A-AD3E354E0E2B}.Debug|Any CPU.ActiveCfg = Debug|Any CPU
		{209D1086-95B0-42AE-8A9A-AD3E354E0E2B}.Debug|Any CPU.Build.0 = Debug|Any CPU
		{209D1086-95B0-42AE-8A9A-AD3E354E0E2B}.Release|Any CPU.ActiveCfg = Release|Any CPU
		{209D1086-95B0-42AE-8A9A-AD3E354E0E2B}.Release|Any CPU.Build.0 = Release|Any CPU
	EndGlobalSection
	GlobalSection(SolutionProperties) = preSolution
		HideSolutionNode = FALSE
	EndGlobalSection
	GlobalSection(ExtensibilityGlobals) = postSolution
		SolutionGuid = {99FEF6B7-E305-4F29-8659-79BFFC2E2F72}
	EndGlobalSection
EndGlobal
