
Microsoft Visual Studio Solution File, Format Version 12.00
# Visual Studio Version 16
VisualStudioVersion = 16.0.29728.190
MinimumVisualStudioVersion = 10.0.40219.1
Project("{FAE04EC0-301F-11D3-BF4B-00C04F79EFBC}") = "TroubleshootProject", "TroubleshootProject.csproj", "{88A38853-F543-44EC-83D2-9F26C452A55A}"
EndProject
Global
	GlobalSection(SolutionConfigurationPlatforms) = preSolution
		Debug|Any CPU = Debug|Any CPU
		Release|Any CPU = Release|Any CPU
	EndGlobalSection
	GlobalSection(ProjectConfigurationPlatforms) = postSolution
		{88A38853-F543-44EC-83D2-9F26C452A55A}.Debug|Any CPU.ActiveCfg = Debug|Any CPU
		{88A38853-F543-44EC-83D2-9F26C452A55A}.Debug|Any CPU.Build.0 = Debug|Any CPU
		{88A38853-F543-44EC-83D2-9F26C452A55A}.Release|Any CPU.ActiveCfg = Release|Any CPU
		{88A38853-F543-44EC-83D2-9F26C452A55A}.Release|Any CPU.Build.0 = Release|Any CPU
	EndGlobalSection
	GlobalSection(SolutionProperties) = preSolution
		HideSolutionNode = FALSE
	EndGlobalSection
	GlobalSection(ExtensibilityGlobals) = postSolution
		SolutionGuid = {0BB2A4E7-715D-4111-82C9-7FF4C8F42216}
	EndGlobalSection
EndGlobal
