
Microsoft Visual Studio Solution File, Format Version 12.00
# Visual Studio Version 16
VisualStudioVersion = 16.0.29806.167
MinimumVisualStudioVersion = 10.0.40219.1
Project("{FAE04EC0-301F-11D3-BF4B-00C04F79EFBC}") = "ConsoleTestBed", "ConsoleTestBed.csproj", "{ADD082DF-52CE-451A-AF64-036BD004C6AB}"
EndProject
Global
	GlobalSection(SolutionConfigurationPlatforms) = preSolution
		Debug|Any CPU = Debug|Any CPU
		Release|Any CPU = Release|Any CPU
	EndGlobalSection
	GlobalSection(ProjectConfigurationPlatforms) = postSolution
		{ADD082DF-52CE-451A-AF64-036BD004C6AB}.Debug|Any CPU.ActiveCfg = Debug|Any CPU
		{ADD082DF-52CE-451A-AF64-036BD004C6AB}.Debug|Any CPU.Build.0 = Debug|Any CPU
		{ADD082DF-52CE-451A-AF64-036BD004C6AB}.Release|Any CPU.ActiveCfg = Release|Any CPU
		{ADD082DF-52CE-451A-AF64-036BD004C6AB}.Release|Any CPU.Build.0 = Release|Any CPU
	EndGlobalSection
	GlobalSection(SolutionProperties) = preSolution
		HideSolutionNode = FALSE
	EndGlobalSection
	GlobalSection(ExtensibilityGlobals) = postSolution
		SolutionGuid = {6427DCF0-A1B5-4CC5-826D-9C876DB4756C}
	EndGlobalSection
EndGlobal
