
Microsoft Visual Studio Solution File, Format Version 12.00
# Visual Studio Version 16
VisualStudioVersion = 16.0.29306.81
MinimumVisualStudioVersion = 10.0.40219.1
Project("{FAE04EC0-301F-11D3-BF4B-00C04F79EFBC}") = "DEXISUtilitiesWPF", "DEXISUtilitiesWPF.csproj", "{EA0B51BD-8A13-40BD-AE4C-FD40EF6CA5CD}"
EndProject
Global
	GlobalSection(SolutionConfigurationPlatforms) = preSolution
		Debug|Any CPU = Debug|Any CPU
		Release|Any CPU = Release|Any CPU
	EndGlobalSection
	GlobalSection(ProjectConfigurationPlatforms) = postSolution
		{EA0B51BD-8A13-40BD-AE4C-FD40EF6CA5CD}.Debug|Any CPU.ActiveCfg = Debug|Any CPU
		{EA0B51BD-8A13-40BD-AE4C-FD40EF6CA5CD}.Debug|Any CPU.Build.0 = Debug|Any CPU
		{EA0B51BD-8A13-40BD-AE4C-FD40EF6CA5CD}.Release|Any CPU.ActiveCfg = Release|Any CPU
		{EA0B51BD-8A13-40BD-AE4C-FD40EF6CA5CD}.Release|Any CPU.Build.0 = Release|Any CPU
	EndGlobalSection
	GlobalSection(SolutionProperties) = preSolution
		HideSolutionNode = FALSE
	EndGlobalSection
	GlobalSection(ExtensibilityGlobals) = postSolution
		SolutionGuid = {402CA9BC-C3F4-4CB4-874B-D2E1683BAD58}
	EndGlobalSection
EndGlobal
